// !$*UTF8*$!
{
	archiveVersion = 1;
	classes = {
	};
	objectVersion = 50;
	objects = {

/* Begin PBXBuildFile section */
		4E5E7582AA0B5517B89840B0 /* Pods_Cu_zdan_m_App.framework in Frameworks */ = {isa = PBXBuildFile; fileRef = D2C2B6E623B4D6B2E402D861 /* Pods_Cu_zdan_m_App.framework */; };
		632CEDA5215A6C380012F51F /* AppDelegate.swift in Sources */ = {isa = PBXBuildFile; fileRef = 632CEDA4215A6C380012F51F /* AppDelegate.swift */; };
		632CEDA7215A6C380012F51F /* ViewController.swift in Sources */ = {isa = PBXBuildFile; fileRef = 632CEDA6215A6C380012F51F /* ViewController.swift */; };
		632CEDAA215A6C380012F51F /* Main.storyboard in Resources */ = {isa = PBXBuildFile; fileRef = 632CEDA8215A6C380012F51F /* Main.storyboard */; };
		632CEDAD215A6C380012F51F /* Cu_zdan_m_App.xcdatamodeld in Sources */ = {isa = PBXBuildFile; fileRef = 632CEDAB215A6C380012F51F /* Cu_zdan_m_App.xcdatamodeld */; };
		632CEDAF215A6C3A0012F51F /* Assets.xcassets in Resources */ = {isa = PBXBuildFile; fileRef = 632CEDAE215A6C3A0012F51F /* Assets.xcassets */; };
		632CEDB2215A6C3A0012F51F /* LaunchScreen.storyboard in Resources */ = {isa = PBXBuildFile; fileRef = 632CEDB0215A6C3A0012F51F /* LaunchScreen.storyboard */; };
		632CEDBC215A72BC0012F51F /* Ekle.swift in Sources */ = {isa = PBXBuildFile; fileRef = 632CEDBB215A72BC0012F51F /* Ekle.swift */; };
		632CEDC7215A9DB40012F51F /* GoogleService-Info.plist in Resources */ = {isa = PBXBuildFile; fileRef = 632CEDC6215A9DB40012F51F /* GoogleService-Info.plist */; };
/* End PBXBuildFile section */

/* Begin PBXFileReference section */
		632CEDA1215A6C380012F51F /* Cüzdanım App.app */ = {isa = PBXFileReference; explicitFileType = wrapper.application; includeInIndex = 0; path = "Cüzdanım App.app"; sourceTree = BUILT_PRODUCTS_DIR; };
		632CEDA4215A6C380012F51F /* AppDelegate.swift */ = {isa = PBXFileReference; lastKnownFileType = sourcecode.swift; path = AppDelegate.swift; sourceTree = "<group>"; };
		632CEDA6215A6C380012F51F /* ViewController.swift */ = {isa = PBXFileReference; lastKnownFileType = sourcecode.swift; path = ViewController.swift; sourceTree = "<group>"; };
		632CEDA9215A6C380012F51F /* Base */ = {isa = PBXFileReference; lastKnownFileType = file.storyboard; name = Base; path = Base.lproj/Main.storyboard; sourceTree = "<group>"; };
		632CEDAC215A6C380012F51F /* Cu_zdan_m_App.xcdatamodel */ = {isa = PBXFileReference; lastKnownFileType = wrapper.xcdatamodel; path = Cu_zdan_m_App.xcdatamodel; sourceTree = "<group>"; };
		632CEDAE215A6C3A0012F51F /* Assets.xcassets */ = {isa = PBXFileReference; lastKnownFileType = folder.assetcatalog; path = Assets.xcassets; sourceTree = "<group>"; };
		632CEDB1215A6C3A0012F51F /* Base */ = {isa = PBXFileReference; lastKnownFileType = file.storyboard; name = Base; path = Base.lproj/LaunchScreen.storyboard; sourceTree = "<group>"; };
		632CEDB3215A6C3A0012F51F /* Info.plist */ = {isa = PBXFileReference; lastKnownFileType = text.plist.xml; path = Info.plist; sourceTree = "<group>"; };
		632CEDBB215A72BC0012F51F /* Ekle.swift */ = {isa = PBXFileReference; lastKnownFileType = sourcecode.swift; path = Ekle.swift; sourceTree = "<group>"; };
		632CEDBF215A78630012F51F /* tr */ = {isa = PBXFileReference; lastKnownFileType = text.plist.strings; name = tr; path = tr.lproj/Main.strings; sourceTree = "<group>"; };
		632CEDC0215A78630012F51F /* tr */ = {isa = PBXFileReference; lastKnownFileType = text.plist.strings; name = tr; path = tr.lproj/LaunchScreen.strings; sourceTree = "<group>"; };
		632CEDC6215A9DB40012F51F /* GoogleService-Info.plist */ = {isa = PBXFileReference; fileEncoding = 4; lastKnownFileType = text.plist.xml; name = "GoogleService-Info.plist"; path = "../../../Downloads/GoogleService-Info.plist"; sourceTree = "<group>"; };
		A006191D032A9C8824F5D859 /* Pods-Cüzdanım App.debug.xcconfig */ = {isa = PBXFileReference; includeInIndex = 1; lastKnownFileType = text.xcconfig; name = "Pods-Cüzdanım App.debug.xcconfig"; path = "Pods/Target Support Files/Pods-Cüzdanım App/Pods-Cüzdanım App.debug.xcconfig"; sourceTree = "<group>"; };
		D2C2B6E623B4D6B2E402D861 /* Pods_Cu_zdan_m_App.framework */ = {isa = PBXFileReference; explicitFileType = wrapper.framework; includeInIndex = 0; path = Pods_Cu_zdan_m_App.framework; sourceTree = BUILT_PRODUCTS_DIR; };
		DA289171F795E9692D7C04EA /* Pods-Cüzdanım App.release.xcconfig */ = {isa = PBXFileReference; includeInIndex = 1; lastKnownFileType = text.xcconfig; name = "Pods-Cüzdanım App.release.xcconfig"; path = "Pods/Target Support Files/Pods-Cüzdanım App/Pods-Cüzdanım App.release.xcconfig"; sourceTree = "<group>"; };
/* End PBXFileReference section */

/* Begin PBXFrameworksBuildPhase section */
		632CED9E215A6C380012F51F /* Frameworks */ = {
			isa = PBXFrameworksBuildPhase;
			buildActionMask = 2147483647;
			files = (
				4E5E7582AA0B5517B89840B0 /* Pods_Cu_zdan_m_App.framework in Frameworks */,
			);
			runOnlyForDeploymentPostprocessing = 0;
		};
/* End PBXFrameworksBuildPhase section */

/* Begin PBXGroup section */
		632CED98215A6C380012F51F = {
			isa = PBXGroup;
			children = (
				632CEDA3215A6C380012F51F /* Cüzdanım App */,
				632CEDC6215A9DB40012F51F /* GoogleService-Info.plist */,
				632CEDA2215A6C380012F51F /* Products */,
				7A1BB6AD5D20B9B66CB4771D /* Pods */,
				BF08A7AAB3ABDDBF550A8A18 /* Frameworks */,
			);
			sourceTree = "<group>";
		};
		632CEDA2215A6C380012F51F /* Products */ = {
			isa = PBXGroup;
			children = (
				632CEDA1215A6C380012F51F /* Cüzdanım App.app */,
			);
			name = Products;
			sourceTree = "<group>";
		};
		632CEDA3215A6C380012F51F /* Cüzdanım App */ = {
			isa = PBXGroup;
			children = (
				632CEDA4215A6C380012F51F /* AppDelegate.swift */,
				632CEDA6215A6C380012F51F /* ViewController.swift */,
				632CEDBB215A72BC0012F51F /* Ekle.swift */,
				632CEDA8215A6C380012F51F /* Main.storyboard */,
				632CEDAE215A6C3A0012F51F /* Assets.xcassets */,
				632CEDB0215A6C3A0012F51F /* LaunchScreen.storyboard */,
				632CEDB3215A6C3A0012F51F /* Info.plist */,
				632CEDAB215A6C380012F51F /* Cu_zdan_m_App.xcdatamodeld */,
			);
			path = "Cüzdanım App";
			sourceTree = "<group>";
		};
		7A1BB6AD5D20B9B66CB4771D /* Pods */ = {
			isa = PBXGroup;
			children = (
				A006191D032A9C8824F5D859 /* Pods-Cüzdanım App.debug.xcconfig */,
				DA289171F795E9692D7C04EA /* Pods-Cüzdanım App.release.xcconfig */,
			);
			name = Pods;
			sourceTree = "<group>";
		};
		BF08A7AAB3ABDDBF550A8A18 /* Frameworks */ = {
			isa = PBXGroup;
			children = (
				D2C2B6E623B4D6B2E402D861 /* Pods_Cu_zdan_m_App.framework */,
			);
			name = Frameworks;
			sourceTree = "<group>";
		};
/* End PBXGroup section */

/* Begin PBXNativeTarget section */
		632CEDA0215A6C380012F51F /* Cüzdanım App */ = {
			isa = PBXNativeTarget;
			buildConfigurationList = 632CEDB6215A6C3A0012F51F /* Build configuration list for PBXNativeTarget "Cüzdanım App" */;
			buildPhases = (
				1869D522A4771AEEAA98739B /* [CP] Check Pods Manifest.lock */,
				632CED9D215A6C380012F51F /* Sources */,
				632CED9E215A6C380012F51F /* Frameworks */,
				632CED9F215A6C380012F51F /* Resources */,
				A58492CF106D0651F7188F0F /* [CP] Embed Pods Frameworks */,
			);
			buildRules = (
			);
			dependencies = (
			);
			name = "Cüzdanım App";
			productName = "Cüzdanım App";
			productReference = 632CEDA1215A6C380012F51F /* Cüzdanım App.app */;
			productType = "com.apple.product-type.application";
		};
/* End PBXNativeTarget section */

/* Begin PBXProject section */
		632CED99215A6C380012F51F /* Project object */ = {
			isa = PBXProject;
			attributes = {
				LastSwiftUpdateCheck = 1000;
				LastUpgradeCheck = 1000;
				ORGANIZATIONNAME = MacUser;
				TargetAttributes = {
					632CEDA0215A6C380012F51F = {
						CreatedOnToolsVersion = 10.0;
					};
				};
			};
			buildConfigurationList = 632CED9C215A6C380012F51F /* Build configuration list for PBXProject "Cüzdanım App" */;
			compatibilityVersion = "Xcode 9.3";
			developmentRegion = en;
			hasScannedForEncodings = 0;
			knownRegions = (
				Base,
			);
			mainGroup = 632CED98215A6C380012F51F;
			productRefGroup = 632CEDA2215A6C380012F51F /* Products */;
			projectDirPath = "";
			projectRoot = "";
			targets = (
				632CEDA0215A6C380012F51F /* Cüzdanım App */,
			);
		};
/* End PBXProject section */

/* Begin PBXResourcesBuildPhase section */
		632CED9F215A6C380012F51F /* Resources */ = {
			isa = PBXResourcesBuildPhase;
			buildActionMask = 2147483647;
			files = (
				632CEDB2215A6C3A0012F51F /* LaunchScreen.storyboard in Resources */,
				632CEDC7215A9DB40012F51F /* GoogleService-Info.plist in Resources */,
				632CEDAF215A6C3A0012F51F /* Assets.xcassets in Resources */,
				632CEDAA215A6C380012F51F /* Main.storyboard in Resources */,
			);
			runOnlyForDeploymentPostprocessing = 0;
		};
/* End PBXResourcesBuildPhase section */

/* Begin PBXShellScriptBuildPhase section */
		1869D522A4771AEEAA98739B /* [CP] Check Pods Manifest.lock */ = {
			isa = PBXShellScriptBuildPhase;
			buildActionMask = 2147483647;
			files = (
			);
			inputFileListPaths = (
			);
			inputPaths = (
				"${PODS_PODFILE_DIR_PATH}/Podfile.lock",
				"${PODS_ROOT}/Manifest.lock",
			);
			name = "[CP] Check Pods Manifest.lock";
			outputFileListPaths = (
			);
			outputPaths = (
				"$(DERIVED_FILE_DIR)/Pods-Cüzdanım App-checkManifestLockResult.txt",
			);
			runOnlyForDeploymentPostprocessing = 0;
			shellPath = /bin/sh;
			shellScript = "diff \"${PODS_PODFILE_DIR_PATH}/Podfile.lock\" \"${PODS_ROOT}/Manifest.lock\" > /dev/null\nif [ $? != 0 ] ; then\n    # print error to STDERR\n    echo \"error: The sandbox is not in sync with the Podfile.lock. Run 'pod install' or update your CocoaPods installation.\" >&2\n    exit 1\nfi\n# This output is used by Xcode 'outputs' to avoid re-running this script phase.\necho \"SUCCESS\" > \"${SCRIPT_OUTPUT_FILE_0}\"\n";
			showEnvVarsInLog = 0;
		};
		A58492CF106D0651F7188F0F /* [CP] Embed Pods Frameworks */ = {
			isa = PBXShellScriptBuildPhase;
			buildActionMask = 2147483647;
			files = (
			);
			inputFileListPaths = (
			);
			inputPaths = (
				"${SRCROOT}/Pods/Target Support Files/Pods-Cüzdanım App/Pods-Cüzdanım App-frameworks.sh",
				"${BUILT_PRODUCTS_DIR}/GoogleUtilities/GoogleUtilities.framework",
				"${BUILT_PRODUCTS_DIR}/leveldb-library/leveldb.framework",
				"${BUILT_PRODUCTS_DIR}/nanopb/nanopb.framework",
			);
			name = "[CP] Embed Pods Frameworks";
			outputFileListPaths = (
			);
			outputPaths = (
				"${TARGET_BUILD_DIR}/${FRAMEWORKS_FOLDER_PATH}/GoogleUtilities.framework",
				"${TARGET_BUILD_DIR}/${FRAMEWORKS_FOLDER_PATH}/leveldb.framework",
				"${TARGET_BUILD_DIR}/${FRAMEWORKS_FOLDER_PATH}/nanopb.framework",
			);
			runOnlyForDeploymentPostprocessing = 0;
			shellPath = /bin/sh;
			shellScript = "\"${SRCROOT}/Pods/Target Support Files/Pods-Cüzdanım App/Pods-Cüzdanım App-frameworks.sh\"\n";
			showEnvVarsInLog = 0;
		};
/* End PBXShellScriptBuildPhase section */

/* Begin PBXSourcesBuildPhase section */
		632CED9D215A6C380012F51F /* Sources */ = {
			isa = PBXSourcesBuildPhase;
			buildActionMask = 2147483647;
			files = (
				632CEDA7215A6C380012F51F /* ViewController.swift in Sources */,
				632CEDA5215A6C380012F51F /* AppDelegate.swift in Sources */,
				632CEDBC215A72BC0012F51F /* Ekle.swift in Sources */,
				632CEDAD215A6C380012F51F /* Cu_zdan_m_App.xcdatamodeld in Sources */,
			);
			runOnlyForDeploymentPostprocessing = 0;
		};
/* End PBXSourcesBuildPhase section */

/* Begin PBXVariantGroup section */
		632CEDA8215A6C380012F51F /* Main.storyboard */ = {
			isa = PBXVariantGroup;
			children = (
				632CEDA9215A6C380012F51F /* Base */,
				632CEDBF215A78630012F51F /* tr */,
			);
			name = Main.storyboard;
			sourceTree = "<group>";
		};
		632CEDB0215A6C3A0012F51F /* LaunchScreen.storyboard */ = {
			isa = PBXVariantGroup;
			children = (
				632CEDB1215A6C3A0012F51F /* Base */,
				632CEDC0215A78630012F51F /* tr */,
			);
			name = LaunchScreen.storyboard;
			sourceTree = "<group>";
		};
/* End PBXVariantGroup section */

/* Begin XCBuildConfiguration section */
		632CEDB4215A6C3A0012F51F /* Debug */ = {
			isa = XCBuildConfiguration;
			buildSettings = {
				ALWAYS_SEARCH_USER_PATHS = NO;
				CLANG_ANALYZER_LOCALIZABILITY_NONLOCALIZED = YES;
				CLANG_ANALYZER_NONNULL = YES;
				CLANG_ANALYZER_NUMBER_OBJECT_CONVERSION = YES_AGGRESSIVE;
				CLANG_CXX_LANGUAGE_STANDARD = "gnu++14";
				CLANG_CXX_LIBRARY = "libc++";
				CLANG_ENABLE_MODULES = YES;
				CLANG_ENABLE_OBJC_ARC = YES;
				CLANG_ENABLE_OBJC_WEAK = YES;
				CLANG_WARN_BLOCK_CAPTURE_AUTORELEASING = YES;
				CLANG_WARN_BOOL_CONVERSION = YES;
				CLANG_WARN_COMMA = YES;
				CLANG_WARN_CONSTANT_CONVERSION = YES;
				CLANG_WARN_DEPRECATED_OBJC_IMPLEMENTATIONS = YES;
				CLANG_WARN_DIRECT_OBJC_ISA_USAGE = YES_ERROR;
				CLANG_WARN_DOCUMENTATION_COMMENTS = YES;
				CLANG_WARN_EMPTY_BODY = YES;
				CLANG_WARN_ENUM_CONVERSION = YES;
				CLANG_WARN_INFINITE_RECURSION = YES;
				CLANG_WARN_INT_CONVERSION = YES;
				CLANG_WARN_NON_LITERAL_NULL_CONVERSION = YES;
				CLANG_WARN_OBJC_IMPLICIT_RETAIN_SELF = YES;
				CLANG_WARN_OBJC_LITERAL_CONVERSION = YES;
				CLANG_WARN_OBJC_ROOT_CLASS = YES_ERROR;
				CLANG_WARN_RANGE_LOOP_ANALYSIS = YES;
				CLANG_WARN_STRICT_PROTOTYPES = YES;
				CLANG_WARN_SUSPICIOUS_MOVE = YES;
				CLANG_WARN_UNGUARDED_AVAILABILITY = YES_AGGRESSIVE;
				CLANG_WARN_UNREACHABLE_CODE = YES;
				CLANG_WARN__DUPLICATE_METHOD_MATCH = YES;
				CODE_SIGN_IDENTITY = "iPhone Developer";
				COPY_PHASE_STRIP = NO;
				DEBUG_INFORMATION_FORMAT = dwarf;
				ENABLE_STRICT_OBJC_MSGSEND = YES;
				ENABLE_TESTABILITY = YES;
				GCC_C_LANGUAGE_STANDARD = gnu11;
				GCC_DYNAMIC_NO_PIC = NO;
				GCC_NO_COMMON_BLOCKS = YES;
				GCC_OPTIMIZATION_LEVEL = 0;
				GCC_PREPROCESSOR_DEFINITIONS = (
					"DEBUG=1",
					"$(inherited)",
				);
				GCC_WARN_64_TO_32_BIT_CONVERSION = YES;
				GCC_WARN_ABOUT_RETURN_TYPE = YES_ERROR;
				GCC_WARN_UNDECLARED_SELECTOR = YES;
				GCC_WARN_UNINITIALIZED_AUTOS = YES_AGGRESSIVE;
				GCC_WARN_UNUSED_FUNCTION = YES;
				GCC_WARN_UNUSED_VARIABLE = YES;
				IPHONEOS_DEPLOYMENT_TARGET = 12.0;
				MTL_ENABLE_DEBUG_INFO = INCLUDE_SOURCE;
				MTL_FAST_MATH = YES;
				ONLY_ACTIVE_ARCH = YES;
				SDKROOT = iphoneos;
				SWIFT_ACTIVE_COMPILATION_CONDITIONS = DEBUG;
				SWIFT_OPTIMIZATION_LEVEL = "-Onone";
			};
			name = Debug;
		};
		632CEDB5215A6C3A0012F51F /* Release */ = {
			isa = XCBuildConfiguration;
			buildSettings = {
				ALWAYS_SEARCH_USER_PATHS = NO;
				CLANG_ANALYZER_LOCALIZABILITY_NONLOCALIZED = YES;
				CLANG_ANALYZER_NONNULL = YES;
				CLANG_ANALYZER_NUMBER_OBJECT_CONVERSION = YES_AGGRESSIVE;
				CLANG_CXX_LANGUAGE_STANDARD = "gnu++14";
				CLANG_CXX_LIBRARY = "libc++";
				CLANG_ENABLE_MODULES = YES;
				CLANG_ENABLE_OBJC_ARC = YES;
				CLANG_ENABLE_OBJC_WEAK = YES;
				CLANG_WARN_BLOCK_CAPTURE_AUTORELEASING = YES;
				CLANG_WARN_BOOL_CONVERSION = YES;
				CLANG_WARN_COMMA = YES;
				CLANG_WARN_CONSTANT_CONVERSION = YES;
				CLANG_WARN_DEPRECATED_OBJC_IMPLEMENTATIONS = YES;
				CLANG_WARN_DIRECT_OBJC_ISA_USAGE = YES_ERROR;
				CLANG_WARN_DOCUMENTATION_COMMENTS = YES;
				CLANG_WARN_EMPTY_BODY = YES;
				CLANG_WARN_ENUM_CONVERSION = YES;
				CLANG_WARN_INFINITE_RECURSION = YES;
				CLANG_WARN_INT_CONVERSION = YES;
				CLANG_WARN_NON_LITERAL_NULL_CONVERSION = YES;
				CLANG_WARN_OBJC_IMPLICIT_RETAIN_SELF = YES;
				CLANG_WARN_OBJC_LITERAL_CONVERSION = YES;
				CLANG_WARN_OBJC_ROOT_CLASS = YES_ERROR;
				CLANG_WARN_RANGE_LOOP_ANALYSIS = YES;
				CLANG_WARN_STRICT_PROTOTYPES = YES;
				CLANG_WARN_SUSPICIOUS_MOVE = YES;
				CLANG_WARN_UNGUARDED_AVAILABILITY = YES_AGGRESSIVE;
				CLANG_WARN_UNREACHABLE_CODE = YES;
				CLANG_WARN__DUPLICATE_METHOD_MATCH = YES;
				CODE_SIGN_IDENTITY = "iPhone Developer";
				COPY_PHASE_STRIP = NO;
				DEBUG_INFORMATION_FORMAT = "dwarf-with-dsym";
				ENABLE_NS_ASSERTIONS = NO;
				ENABLE_STRICT_OBJC_MSGSEND = YES;
				GCC_C_LANGUAGE_STANDARD = gnu11;
				GCC_NO_COMMON_BLOCKS = YES;
				GCC_WARN_64_TO_32_BIT_CONVERSION = YES;
				GCC_WARN_ABOUT_RETURN_TYPE = YES_ERROR;
				GCC_WARN_UNDECLARED_SELECTOR = YES;
				GCC_WARN_UNINITIALIZED_AUTOS = YES_AGGRESSIVE;
				GCC_WARN_UNUSED_FUNCTION = YES;
				GCC_WARN_UNUSED_VARIABLE = YES;
				IPHONEOS_DEPLOYMENT_TARGET = 12.0;
				MTL_ENABLE_DEBUG_INFO = NO;
				MTL_FAST_MATH = YES;
				SDKROOT = iphoneos;
				SWIFT_COMPILATION_MODE = wholemodule;
				SWIFT_OPTIMIZATION_LEVEL = "-O";
				VALIDATE_PRODUCT = YES;
			};
			name = Release;
		};
		632CEDB7215A6C3A0012F51F /* Debug */ = {
			isa = XCBuildConfiguration;
			baseConfigurationReference = A006191D032A9C8824F5D859 /* Pods-Cüzdanım App.debug.xcconfig */;
			buildSettings = {
				ASSETCATALOG_COMPILER_APPICON_NAME = AppIcon;
				CODE_SIGN_STYLE = Automatic;
				INFOPLIST_FILE = "Cüzdanım App/Info.plist";
				LD_RUNPATH_SEARCH_PATHS = (
					"$(inherited)",
					"@executable_path/Frameworks",
				);
				PRODUCT_BUNDLE_IDENTIFIER = "omerfaruk.Cu-zdan-m-App";
				PRODUCT_NAME = "$(TARGET_NAME)";
				SWIFT_VERSION = 4.2;
				TARGETED_DEVICE_FAMILY = "1,2";
			};
			name = Debug;
		};
		632CEDB8215A6C3A0012F51F /* Release */ = {
			isa = XCBuildConfiguration;
			baseConfigurationReference = DA289171F795E9692D7C04EA /* Pods-Cüzdanım App.release.xcconfig */;
			buildSettings = {
				ASSETCATALOG_COMPILER_APPICON_NAME = AppIcon;
				CODE_SIGN_STYLE = Automatic;
				INFOPLIST_FILE = "Cüzdanım App/Info.plist";
				LD_RUNPATH_SEARCH_PATHS = (
					"$(inherited)",
					"@executable_path/Frameworks",
				);
				PRODUCT_BUNDLE_IDENTIFIER = "omerfaruk.Cu-zdan-m-App";
				PRODUCT_NAME = "$(TARGET_NAME)";
				SWIFT_VERSION = 4.2;
				TARGETED_DEVICE_FAMILY = "1,2";
			};
			name = Release;
		};
/* End XCBuildConfiguration section */

/* Begin XCConfigurationList section */
		632CED9C215A6C380012F51F /* Build configuration list for PBXProject "Cüzdanım App" */ = {
			isa = XCConfigurationList;
			buildConfigurations = (
				632CEDB4215A6C3A0012F51F /* Debug */,
				632CEDB5215A6C3A0012F51F /* Release */,
			);
			defaultConfigurationIsVisible = 0;
			defaultConfigurationName = Release;
		};
		632CEDB6215A6C3A0012F51F /* Build configuration list for PBXNativeTarget "Cüzdanım App" */ = {
			isa = XCConfigurationList;
			buildConfigurations = (
				632CEDB7215A6C3A0012F51F /* Debug */,
				632CEDB8215A6C3A0012F51F /* Release */,
			);
			defaultConfigurationIsVisible = 0;
			defaultConfigurationName = Release;
		};
/* End XCConfigurationList section */

/* Begin XCVersionGroup section */
		632CEDAB215A6C380012F51F /* Cu_zdan_m_App.xcdatamodeld */ = {
			isa = XCVersionGroup;
			children = (
				632CEDAC215A6C380012F51F /* Cu_zdan_m_App.xcdatamodel */,
			);
			currentVersion = 632CEDAC215A6C380012F51F /* Cu_zdan_m_App.xcdatamodel */;
			path = Cu_zdan_m_App.xcdatamodeld;
			sourceTree = "<group>";
			versionGroupType = wrapper.xcdatamodel;
		};
/* End XCVersionGroup section */
	};
	rootObject = 632CED99215A6C380012F51F /* Project object */;
}
